
Microsoft Visual Studio Solution File, Format Version 12.00
# Visual Studio Version 17
VisualStudioVersion = 17.4.33213.308
MinimumVisualStudioVersion = 10.0.40219.1
Project("{9A19103F-16F7-4668-BE54-9A1E7A4F7556}") = "RunnersApp", "RunnersApp\RunnersApp.csproj", "{2D88C96B-AA2D-4C20-A0D6-098A251F25E2}"
EndProject
Project("{FAE04EC0-301F-11D3-BF4B-00C04F79EFBC}") = "RunnersApp.Tests", "RunnersApp.tests\RunnersApp.Tests.csproj", "{885BD2DD-4740-4387-82B8-5ED4B0060D5F}"
EndProject
Global
	GlobalSection(SolutionConfigurationPlatforms) = preSolution
		Debug|Any CPU = Debug|Any CPU
		Release|Any CPU = Release|Any CPU
	EndGlobalSection
	GlobalSection(ProjectConfigurationPlatforms) = postSolution
		{2D88C96B-AA2D-4C20-A0D6-098A251F25E2}.Debug|Any CPU.ActiveCfg = Debug|Any CPU
		{2D88C96B-AA2D-4C20-A0D6-098A251F25E2}.Debug|Any CPU.Build.0 = Debug|Any CPU
		{2D88C96B-AA2D-4C20-A0D6-098A251F25E2}.Release|Any CPU.ActiveCfg = Release|Any CPU
		{2D88C96B-AA2D-4C20-A0D6-098A251F25E2}.Release|Any CPU.Build.0 = Release|Any CPU
		{885BD2DD-4740-4387-82B8-5ED4B0060D5F}.Debug|Any CPU.ActiveCfg = Debug|Any CPU
		{885BD2DD-4740-4387-82B8-5ED4B0060D5F}.Debug|Any CPU.Build.0 = Debug|Any CPU
		{885BD2DD-4740-4387-82B8-5ED4B0060D5F}.Release|Any CPU.ActiveCfg = Release|Any CPU
		{885BD2DD-4740-4387-82B8-5ED4B0060D5F}.Release|Any CPU.Build.0 = Release|Any CPU
	EndGlobalSection
	GlobalSection(SolutionProperties) = preSolution
		HideSolutionNode = FALSE
	EndGlobalSection
	GlobalSection(ExtensibilityGlobals) = postSolution
		SolutionGuid = {0231B8B6-E90E-4E2D-B801-EA693BA4F052}
	EndGlobalSection
EndGlobal
